// !$*UTF8*$!
{
	archiveVersion = 1;
	classes = {
	};
	objectVersion = 50;
	objects = {

/* Begin PBXBuildFile section */
		C535997824984B7F002BE09B /* GLIMSTIC.TTF in Resources */ = {isa = PBXBuildFile; fileRef = C535997724984B7F002BE09B /* GLIMSTIC.TTF */; };
		C54E11AA2491C22000865505 /* win.wav in Resources */ = {isa = PBXBuildFile; fileRef = C54E11A52491C22000865505 /* win.wav */; };
		C54E11AB2491C22000865505 /* lose.wav in Resources */ = {isa = PBXBuildFile; fileRef = C54E11A62491C22000865505 /* lose.wav */; };
		C54E11AC2491C22000865505 /* hitCat.wav in Resources */ = {isa = PBXBuildFile; fileRef = C54E11A72491C22000865505 /* hitCat.wav */; };
		C54E11AD2491C22000865505 /* hitCatLady.wav in Resources */ = {isa = PBXBuildFile; fileRef = C54E11A82491C22000865505 /* hitCatLady.wav */; };
		C54E11AE2491C22000865505 /* backgroundMusic.mp3 in Resources */ = {isa = PBXBuildFile; fileRef = C54E11A92491C22000865505 /* backgroundMusic.mp3 */; };
		C54E11B02492F0B500865505 /* GameOverScene.swift in Sources */ = {isa = PBXBuildFile; fileRef = C54E11AF2492F0B500865505 /* GameOverScene.swift */; };
		C54E11B2249300AE00865505 /* MainMenuScene.swift in Sources */ = {isa = PBXBuildFile; fileRef = C54E11B1249300AE00865505 /* MainMenuScene.swift */; };
		C5C5F756248EF68C0029E897 /* AppDelegate.swift in Sources */ = {isa = PBXBuildFile; fileRef = C5C5F755248EF68C0029E897 /* AppDelegate.swift */; };
		C5C5F75C248EF68C0029E897 /* GameScene.swift in Sources */ = {isa = PBXBuildFile; fileRef = C5C5F75B248EF68C0029E897 /* GameScene.swift */; };
		C5C5F75E248EF68C0029E897 /* GameViewController.swift in Sources */ = {isa = PBXBuildFile; fileRef = C5C5F75D248EF68C0029E897 /* GameViewController.swift */; };
		C5C5F761248EF68C0029E897 /* Main.storyboard in Resources */ = {isa = PBXBuildFile; fileRef = C5C5F75F248EF68C0029E897 /* Main.storyboard */; };
		C5C5F763248EF68D0029E897 /* Assets.xcassets in Resources */ = {isa = PBXBuildFile; fileRef = C5C5F762248EF68D0029E897 /* Assets.xcassets */; };
		C5C5F766248EF68D0029E897 /* LaunchScreen.storyboard in Resources */ = {isa = PBXBuildFile; fileRef = C5C5F764248EF68D0029E897 /* LaunchScreen.storyboard */; };
		C5C5F771248EF68E0029E897 /* Zombie_CongaTests.swift in Sources */ = {isa = PBXBuildFile; fileRef = C5C5F770248EF68E0029E897 /* Zombie_CongaTests.swift */; };
		C5C5F77C248EF68E0029E897 /* Zombie_CongaUITests.swift in Sources */ = {isa = PBXBuildFile; fileRef = C5C5F77B248EF68E0029E897 /* Zombie_CongaUITests.swift */; };
		C5C5F78A2490746C0029E897 /* MyUtils.swift in Sources */ = {isa = PBXBuildFile; fileRef = C5C5F7892490746C0029E897 /* MyUtils.swift */; };
/* End PBXBuildFile section */

/* Begin PBXContainerItemProxy section */
		C5C5F76D248EF68E0029E897 /* PBXContainerItemProxy */ = {
			isa = PBXContainerItemProxy;
			containerPortal = C5C5F74A248EF68C0029E897 /* Project object */;
			proxyType = 1;
			remoteGlobalIDString = C5C5F751248EF68C0029E897;
			remoteInfo = "Zombie Conga";
		};
		C5C5F778248EF68E0029E897 /* PBXContainerItemProxy */ = {
			isa = PBXContainerItemProxy;
			containerPortal = C5C5F74A248EF68C0029E897 /* Project object */;
			proxyType = 1;
			remoteGlobalIDString = C5C5F751248EF68C0029E897;
			remoteInfo = "Zombie Conga";
		};
/* End PBXContainerItemProxy section */

/* Begin PBXFileReference section */
		C535997724984B7F002BE09B /* GLIMSTIC.TTF */ = {isa = PBXFileReference; lastKnownFileType = file; name = GLIMSTIC.TTF; path = resources/GLIMSTIC.TTF; sourceTree = SOURCE_ROOT; };
		C54E11A52491C22000865505 /* win.wav */ = {isa = PBXFileReference; lastKnownFileType = audio.wav; path = win.wav; sourceTree = "<group>"; };
		C54E11A62491C22000865505 /* lose.wav */ = {isa = PBXFileReference; lastKnownFileType = audio.wav; path = lose.wav; sourceTree = "<group>"; };
		C54E11A72491C22000865505 /* hitCat.wav */ = {isa = PBXFileReference; lastKnownFileType = audio.wav; path = hitCat.wav; sourceTree = "<group>"; };
		C54E11A82491C22000865505 /* hitCatLady.wav */ = {isa = PBXFileReference; lastKnownFileType = audio.wav; path = hitCatLady.wav; sourceTree = "<group>"; };
		C54E11A92491C22000865505 /* backgroundMusic.mp3 */ = {isa = PBXFileReference; lastKnownFileType = audio.mp3; path = backgroundMusic.mp3; sourceTree = "<group>"; };
		C54E11AF2492F0B500865505 /* GameOverScene.swift */ = {isa = PBXFileReference; lastKnownFileType = sourcecode.swift; path = GameOverScene.swift; sourceTree = "<group>"; };
		C54E11B1249300AE00865505 /* MainMenuScene.swift */ = {isa = PBXFileReference; lastKnownFileType = sourcecode.swift; path = MainMenuScene.swift; sourceTree = "<group>"; };
		C5C5F752248EF68C0029E897 /* Zombie Conga.app */ = {isa = PBXFileReference; explicitFileType = wrapper.application; includeInIndex = 0; path = "Zombie Conga.app"; sourceTree = BUILT_PRODUCTS_DIR; };
		C5C5F755248EF68C0029E897 /* AppDelegate.swift */ = {isa = PBXFileReference; lastKnownFileType = sourcecode.swift; path = AppDelegate.swift; sourceTree = "<group>"; };
		C5C5F75B248EF68C0029E897 /* GameScene.swift */ = {isa = PBXFileReference; lastKnownFileType = sourcecode.swift; path = GameScene.swift; sourceTree = "<group>"; };
		C5C5F75D248EF68C0029E897 /* GameViewController.swift */ = {isa = PBXFileReference; lastKnownFileType = sourcecode.swift; path = GameViewController.swift; sourceTree = "<group>"; };
		C5C5F760248EF68C0029E897 /* Base */ = {isa = PBXFileReference; lastKnownFileType = file.storyboard; name = Base; path = Base.lproj/Main.storyboard; sourceTree = "<group>"; };
		C5C5F762248EF68D0029E897 /* Assets.xcassets */ = {isa = PBXFileReference; lastKnownFileType = folder.assetcatalog; path = Assets.xcassets; sourceTree = "<group>"; };
		C5C5F765248EF68D0029E897 /* Base */ = {isa = PBXFileReference; lastKnownFileType = file.storyboard; name = Base; path = Base.lproj/LaunchScreen.storyboard; sourceTree = "<group>"; };
		C5C5F767248EF68D0029E897 /* Info.plist */ = {isa = PBXFileReference; lastKnownFileType = text.plist.xml; path = Info.plist; sourceTree = "<group>"; };
		C5C5F76C248EF68E0029E897 /* Zombie CongaTests.xctest */ = {isa = PBXFileReference; explicitFileType = wrapper.cfbundle; includeInIndex = 0; path = "Zombie CongaTests.xctest"; sourceTree = BUILT_PRODUCTS_DIR; };
		C5C5F770248EF68E0029E897 /* Zombie_CongaTests.swift */ = {isa = PBXFileReference; lastKnownFileType = sourcecode.swift; path = Zombie_CongaTests.swift; sourceTree = "<group>"; };
		C5C5F772248EF68E0029E897 /* Info.plist */ = {isa = PBXFileReference; lastKnownFileType = text.plist.xml; path = Info.plist; sourceTree = "<group>"; };
		C5C5F777248EF68E0029E897 /* Zombie CongaUITests.xctest */ = {isa = PBXFileReference; explicitFileType = wrapper.cfbundle; includeInIndex = 0; path = "Zombie CongaUITests.xctest"; sourceTree = BUILT_PRODUCTS_DIR; };
		C5C5F77B248EF68E0029E897 /* Zombie_CongaUITests.swift */ = {isa = PBXFileReference; lastKnownFileType = sourcecode.swift; path = Zombie_CongaUITests.swift; sourceTree = "<group>"; };
		C5C5F77D248EF68E0029E897 /* Info.plist */ = {isa = PBXFileReference; lastKnownFileType = text.plist.xml; path = Info.plist; sourceTree = "<group>"; };
		C5C5F7892490746C0029E897 /* MyUtils.swift */ = {isa = PBXFileReference; lastKnownFileType = sourcecode.swift; path = MyUtils.swift; sourceTree = "<group>"; };
/* End PBXFileReference section */

/* Begin PBXFrameworksBuildPhase section */
		C5C5F74F248EF68C0029E897 /* Frameworks */ = {
			isa = PBXFrameworksBuildPhase;
			buildActionMask = 2147483647;
			files = (
			);
			runOnlyForDeploymentPostprocessing = 0;
		};
		C5C5F769248EF68E0029E897 /* Frameworks */ = {
			isa = PBXFrameworksBuildPhase;
			buildActionMask = 2147483647;
			files = (
			);
			runOnlyForDeploymentPostprocessing = 0;
		};
		C5C5F774248EF68E0029E897 /* Frameworks */ = {
			isa = PBXFrameworksBuildPhase;
			buildActionMask = 2147483647;
			files = (
			);
			runOnlyForDeploymentPostprocessing = 0;
		};
/* End PBXFrameworksBuildPhase section */

/* Begin PBXGroup section */
		C54E11A42491C22000865505 /* Sounds */ = {
			isa = PBXGroup;
			children = (
				C535997724984B7F002BE09B /* GLIMSTIC.TTF */,
				C54E11A52491C22000865505 /* win.wav */,
				C54E11A62491C22000865505 /* lose.wav */,
				C54E11A72491C22000865505 /* hitCat.wav */,
				C54E11A82491C22000865505 /* hitCatLady.wav */,
				C54E11A92491C22000865505 /* backgroundMusic.mp3 */,
			);
			path = Sounds;
			sourceTree = "<group>";
		};
		C5C5F749248EF68C0029E897 = {
			isa = PBXGroup;
			children = (
				C5C5F754248EF68C0029E897 /* Zombie Conga */,
				C5C5F76F248EF68E0029E897 /* Zombie CongaTests */,
				C5C5F77A248EF68E0029E897 /* Zombie CongaUITests */,
				C5C5F753248EF68C0029E897 /* Products */,
				C54E11A42491C22000865505 /* Sounds */,
			);
			sourceTree = "<group>";
		};
		C5C5F753248EF68C0029E897 /* Products */ = {
			isa = PBXGroup;
			children = (
				C5C5F752248EF68C0029E897 /* Zombie Conga.app */,
				C5C5F76C248EF68E0029E897 /* Zombie CongaTests.xctest */,
				C5C5F777248EF68E0029E897 /* Zombie CongaUITests.xctest */,
			);
			name = Products;
			sourceTree = "<group>";
		};
		C5C5F754248EF68C0029E897 /* Zombie Conga */ = {
			isa = PBXGroup;
			children = (
				C5C5F755248EF68C0029E897 /* AppDelegate.swift */,
				C5C5F75B248EF68C0029E897 /* GameScene.swift */,
				C5C5F75D248EF68C0029E897 /* GameViewController.swift */,
				C5C5F75F248EF68C0029E897 /* Main.storyboard */,
				C5C5F762248EF68D0029E897 /* Assets.xcassets */,
				C5C5F764248EF68D0029E897 /* LaunchScreen.storyboard */,
				C5C5F767248EF68D0029E897 /* Info.plist */,
				C5C5F7892490746C0029E897 /* MyUtils.swift */,
				C54E11AF2492F0B500865505 /* GameOverScene.swift */,
				C54E11B1249300AE00865505 /* MainMenuScene.swift */,
			);
			path = "Zombie Conga";
			sourceTree = "<group>";
		};
		C5C5F76F248EF68E0029E897 /* Zombie CongaTests */ = {
			isa = PBXGroup;
			children = (
				C5C5F770248EF68E0029E897 /* Zombie_CongaTests.swift */,
				C5C5F772248EF68E0029E897 /* Info.plist */,
			);
			path = "Zombie CongaTests";
			sourceTree = "<group>";
		};
		C5C5F77A248EF68E0029E897 /* Zombie CongaUITests */ = {
			isa = PBXGroup;
			children = (
				C5C5F77B248EF68E0029E897 /* Zombie_CongaUITests.swift */,
				C5C5F77D248EF68E0029E897 /* Info.plist */,
			);
			path = "Zombie CongaUITests";
			sourceTree = "<group>";
		};
/* End PBXGroup section */

/* Begin PBXNativeTarget section */
		C5C5F751248EF68C0029E897 /* Zombie Conga */ = {
			isa = PBXNativeTarget;
			buildConfigurationList = C5C5F780248EF68E0029E897 /* Build configuration list for PBXNativeTarget "Zombie Conga" */;
			buildPhases = (
				C5C5F74E248EF68C0029E897 /* Sources */,
				C5C5F74F248EF68C0029E897 /* Frameworks */,
				C5C5F750248EF68C0029E897 /* Resources */,
			);
			buildRules = (
			);
			dependencies = (
			);
			name = "Zombie Conga";
			productName = "Zombie Conga";
			productReference = C5C5F752248EF68C0029E897 /* Zombie Conga.app */;
			productType = "com.apple.product-type.application";
		};
		C5C5F76B248EF68E0029E897 /* Zombie CongaTests */ = {
			isa = PBXNativeTarget;
			buildConfigurationList = C5C5F783248EF68E0029E897 /* Build configuration list for PBXNativeTarget "Zombie CongaTests" */;
			buildPhases = (
				C5C5F768248EF68E0029E897 /* Sources */,
				C5C5F769248EF68E0029E897 /* Frameworks */,
				C5C5F76A248EF68E0029E897 /* Resources */,
			);
			buildRules = (
			);
			dependencies = (
				C5C5F76E248EF68E0029E897 /* PBXTargetDependency */,
			);
			name = "Zombie CongaTests";
			productName = "Zombie CongaTests";
			productReference = C5C5F76C248EF68E0029E897 /* Zombie CongaTests.xctest */;
			productType = "com.apple.product-type.bundle.unit-test";
		};
		C5C5F776248EF68E0029E897 /* Zombie CongaUITests */ = {
			isa = PBXNativeTarget;
			buildConfigurationList = C5C5F786248EF68E0029E897 /* Build configuration list for PBXNativeTarget "Zombie CongaUITests" */;
			buildPhases = (
				C5C5F773248EF68E0029E897 /* Sources */,
				C5C5F774248EF68E0029E897 /* Frameworks */,
				C5C5F775248EF68E0029E897 /* Resources */,
			);
			buildRules = (
			);
			dependencies = (
				C5C5F779248EF68E0029E897 /* PBXTargetDependency */,
			);
			name = "Zombie CongaUITests";
			productName = "Zombie CongaUITests";
			productReference = C5C5F777248EF68E0029E897 /* Zombie CongaUITests.xctest */;
			productType = "com.apple.product-type.bundle.ui-testing";
		};
/* End PBXNativeTarget section */

/* Begin PBXProject section */
		C5C5F74A248EF68C0029E897 /* Project object */ = {
			isa = PBXProject;
			attributes = {
				LastSwiftUpdateCheck = 1030;
				LastUpgradeCheck = 1030;
				ORGANIZATIONNAME = "Amosa Osayande";
				TargetAttributes = {
					C5C5F751248EF68C0029E897 = {
						CreatedOnToolsVersion = 10.3;
					};
					C5C5F76B248EF68E0029E897 = {
						CreatedOnToolsVersion = 10.3;
						TestTargetID = C5C5F751248EF68C0029E897;
					};
					C5C5F776248EF68E0029E897 = {
						CreatedOnToolsVersion = 10.3;
						TestTargetID = C5C5F751248EF68C0029E897;
					};
				};
			};
			buildConfigurationList = C5C5F74D248EF68C0029E897 /* Build configuration list for PBXProject "Zombie Conga" */;
			compatibilityVersion = "Xcode 9.3";
			developmentRegion = en;
			hasScannedForEncodings = 0;
			knownRegions = (
				en,
				Base,
			);
			mainGroup = C5C5F749248EF68C0029E897;
			productRefGroup = C5C5F753248EF68C0029E897 /* Products */;
			projectDirPath = "";
			projectRoot = "";
			targets = (
				C5C5F751248EF68C0029E897 /* Zombie Conga */,
				C5C5F76B248EF68E0029E897 /* Zombie CongaTests */,
				C5C5F776248EF68E0029E897 /* Zombie CongaUITests */,
			);
		};
/* End PBXProject section */

/* Begin PBXResourcesBuildPhase section */
		C5C5F750248EF68C0029E897 /* Resources */ = {
			isa = PBXResourcesBuildPhase;
			buildActionMask = 2147483647;
			files = (
				C535997824984B7F002BE09B /* GLIMSTIC.TTF in Resources */,
				C54E11AB2491C22000865505 /* lose.wav in Resources */,
				C5C5F761248EF68C0029E897 /* Main.storyboard in Resources */,
				C54E11AE2491C22000865505 /* backgroundMusic.mp3 in Resources */,
				C54E11AA2491C22000865505 /* win.wav in Resources */,
				C54E11AC2491C22000865505 /* hitCat.wav in Resources */,
				C5C5F763248EF68D0029E897 /* Assets.xcassets in Resources */,
				C54E11AD2491C22000865505 /* hitCatLady.wav in Resources */,
				C5C5F766248EF68D0029E897 /* LaunchScreen.storyboard in Resources */,
			);
			runOnlyForDeploymentPostprocessing = 0;
		};
		C5C5F76A248EF68E0029E897 /* Resources */ = {
			isa = PBXResourcesBuildPhase;
			buildActionMask = 2147483647;
			files = (
			);
			runOnlyForDeploymentPostprocessing = 0;
		};
		C5C5F775248EF68E0029E897 /* Resources */ = {
			isa = PBXResourcesBuildPhase;
			buildActionMask = 2147483647;
			files = (
			);
			runOnlyForDeploymentPostprocessing = 0;
		};
/* End PBXResourcesBuildPhase section */

/* Begin PBXSourcesBuildPhase section */
		C5C5F74E248EF68C0029E897 /* Sources */ = {
			isa = PBXSourcesBuildPhase;
			buildActionMask = 2147483647;
			files = (
				C54E11B2249300AE00865505 /* MainMenuScene.swift in Sources */,
				C54E11B02492F0B500865505 /* GameOverScene.swift in Sources */,
				C5C5F75C248EF68C0029E897 /* GameScene.swift in Sources */,
				C5C5F75E248EF68C0029E897 /* GameViewController.swift in Sources */,
				C5C5F756248EF68C0029E897 /* AppDelegate.swift in Sources */,
				C5C5F78A2490746C0029E897 /* MyUtils.swift in Sources */,
			);
			runOnlyForDeploymentPostprocessing = 0;
		};
		C5C5F768248EF68E0029E897 /* Sources */ = {
			isa = PBXSourcesBuildPhase;
			buildActionMask = 2147483647;
			files = (
				C5C5F771248EF68E0029E897 /* Zombie_CongaTests.swift in Sources */,
			);
			runOnlyForDeploymentPostprocessing = 0;
		};
		C5C5F773248EF68E0029E897 /* Sources */ = {
			isa = PBXSourcesBuildPhase;
			buildActionMask = 2147483647;
			files = (
				C5C5F77C248EF68E0029E897 /* Zombie_CongaUITests.swift in Sources */,
			);
			runOnlyForDeploymentPostprocessing = 0;
		};
/* End PBXSourcesBuildPhase section */

/* Begin PBXTargetDependency section */
		C5C5F76E248EF68E0029E897 /* PBXTargetDependency */ = {
			isa = PBXTargetDependency;
			target = C5C5F751248EF68C0029E897 /* Zombie Conga */;
			targetProxy = C5C5F76D248EF68E0029E897 /* PBXContainerItemProxy */;
		};
		C5C5F779248EF68E0029E897 /* PBXTargetDependency */ = {
			isa = PBXTargetDependency;
			target = C5C5F751248EF68C0029E897 /* Zombie Conga */;
			targetProxy = C5C5F778248EF68E0029E897 /* PBXContainerItemProxy */;
		};
/* End PBXTargetDependency section */

/* Begin PBXVariantGroup section */
		C5C5F75F248EF68C0029E897 /* Main.storyboard */ = {
			isa = PBXVariantGroup;
			children = (
				C5C5F760248EF68C0029E897 /* Base */,
			);
			name = Main.storyboard;
			sourceTree = "<group>";
		};
		C5C5F764248EF68D0029E897 /* LaunchScreen.storyboard */ = {
			isa = PBXVariantGroup;
			children = (
				C5C5F765248EF68D0029E897 /* Base */,
			);
			name = LaunchScreen.storyboard;
			sourceTree = "<group>";
		};
/* End PBXVariantGroup section */

/* Begin XCBuildConfiguration section */
		C5C5F77E248EF68E0029E897 /* Debug */ = {
			isa = XCBuildConfiguration;
			buildSettings = {
				ALWAYS_SEARCH_USER_PATHS = NO;
				CLANG_ANALYZER_NONNULL = YES;
				CLANG_ANALYZER_NUMBER_OBJECT_CONVERSION = YES_AGGRESSIVE;
				CLANG_CXX_LANGUAGE_STANDARD = "gnu++14";
				CLANG_CXX_LIBRARY = "libc++";
				CLANG_ENABLE_MODULES = YES;
				CLANG_ENABLE_OBJC_ARC = YES;
				CLANG_ENABLE_OBJC_WEAK = YES;
				CLANG_WARN_BLOCK_CAPTURE_AUTORELEASING = YES;
				CLANG_WARN_BOOL_CONVERSION = YES;
				CLANG_WARN_COMMA = YES;
				CLANG_WARN_CONSTANT_CONVERSION = YES;
				CLANG_WARN_DEPRECATED_OBJC_IMPLEMENTATIONS = YES;
				CLANG_WARN_DIRECT_OBJC_ISA_USAGE = YES_ERROR;
				CLANG_WARN_DOCUMENTATION_COMMENTS = YES;
				CLANG_WARN_EMPTY_BODY = YES;
				CLANG_WARN_ENUM_CONVERSION = YES;
				CLANG_WARN_INFINITE_RECURSION = YES;
				CLANG_WARN_INT_CONVERSION = YES;
				CLANG_WARN_NON_LITERAL_NULL_CONVERSION = YES;
				CLANG_WARN_OBJC_IMPLICIT_RETAIN_SELF = YES;
				CLANG_WARN_OBJC_LITERAL_CONVERSION = YES;
				CLANG_WARN_OBJC_ROOT_CLASS = YES_ERROR;
				CLANG_WARN_RANGE_LOOP_ANALYSIS = YES;
				CLANG_WARN_STRICT_PROTOTYPES = YES;
				CLANG_WARN_SUSPICIOUS_MOVE = YES;
				CLANG_WARN_UNGUARDED_AVAILABILITY = YES_AGGRESSIVE;
				CLANG_WARN_UNREACHABLE_CODE = YES;
				CLANG_WARN__DUPLICATE_METHOD_MATCH = YES;
				CODE_SIGN_IDENTITY = "iPhone Developer";
				COPY_PHASE_STRIP = NO;
				DEBUG_INFORMATION_FORMAT = dwarf;
				ENABLE_STRICT_OBJC_MSGSEND = YES;
				ENABLE_TESTABILITY = YES;
				GCC_C_LANGUAGE_STANDARD = gnu11;
				GCC_DYNAMIC_NO_PIC = NO;
				GCC_NO_COMMON_BLOCKS = YES;
				GCC_OPTIMIZATION_LEVEL = 0;
				GCC_PREPROCESSOR_DEFINITIONS = (
					"DEBUG=1",
					"$(inherited)",
				);
				GCC_WARN_64_TO_32_BIT_CONVERSION = YES;
				GCC_WARN_ABOUT_RETURN_TYPE = YES_ERROR;
				GCC_WARN_UNDECLARED_SELECTOR = YES;
				GCC_WARN_UNINITIALIZED_AUTOS = YES_AGGRESSIVE;
				GCC_WARN_UNUSED_FUNCTION = YES;
				GCC_WARN_UNUSED_VARIABLE = YES;
				IPHONEOS_DEPLOYMENT_TARGET = 12.4;
				MTL_ENABLE_DEBUG_INFO = INCLUDE_SOURCE;
				MTL_FAST_MATH = YES;
				ONLY_ACTIVE_ARCH = YES;
				SDKROOT = iphoneos;
				SWIFT_ACTIVE_COMPILATION_CONDITIONS = DEBUG;
				SWIFT_OPTIMIZATION_LEVEL = "-Onone";
			};
			name = Debug;
		};
		C5C5F77F248EF68E0029E897 /* Release */ = {
			isa = XCBuildConfiguration;
			buildSettings = {
				ALWAYS_SEARCH_USER_PATHS = NO;
				CLANG_ANALYZER_NONNULL = YES;
				CLANG_ANALYZER_NUMBER_OBJECT_CONVERSION = YES_AGGRESSIVE;
				CLANG_CXX_LANGUAGE_STANDARD = "gnu++14";
				CLANG_CXX_LIBRARY = "libc++";
				CLANG_ENABLE_MODULES = YES;
				CLANG_ENABLE_OBJC_ARC = YES;
				CLANG_ENABLE_OBJC_WEAK = YES;
				CLANG_WARN_BLOCK_CAPTURE_AUTORELEASING = YES;
				CLANG_WARN_BOOL_CONVERSION = YES;
				CLANG_WARN_COMMA = YES;
				CLANG_WARN_CONSTANT_CONVERSION = YES;
				CLANG_WARN_DEPRECATED_OBJC_IMPLEMENTATIONS = YES;
				CLANG_WARN_DIRECT_OBJC_ISA_USAGE = YES_ERROR;
				CLANG_WARN_DOCUMENTATION_COMMENTS = YES;
				CLANG_WARN_EMPTY_BODY = YES;
				CLANG_WARN_ENUM_CONVERSION = YES;
				CLANG_WARN_INFINITE_RECURSION = YES;
				CLANG_WARN_INT_CONVERSION = YES;
				CLANG_WARN_NON_LITERAL_NULL_CONVERSION = YES;
				CLANG_WARN_OBJC_IMPLICIT_RETAIN_SELF = YES;
				CLANG_WARN_OBJC_LITERAL_CONVERSION = YES;
				CLANG_WARN_OBJC_ROOT_CLASS = YES_ERROR;
				CLANG_WARN_RANGE_LOOP_ANALYSIS = YES;
				CLANG_WARN_STRICT_PROTOTYPES = YES;
				CLANG_WARN_SUSPICIOUS_MOVE = YES;
				CLANG_WARN_UNGUARDED_AVAILABILITY = YES_AGGRESSIVE;
				CLANG_WARN_UNREACHABLE_CODE = YES;
				CLANG_WARN__DUPLICATE_METHOD_MATCH = YES;
				CODE_SIGN_IDENTITY = "iPhone Developer";
				COPY_PHASE_STRIP = NO;
				DEBUG_INFORMATION_FORMAT = "dwarf-with-dsym";
				ENABLE_NS_ASSERTIONS = NO;
				ENABLE_STRICT_OBJC_MSGSEND = YES;
				GCC_C_LANGUAGE_STANDARD = gnu11;
				GCC_NO_COMMON_BLOCKS = YES;
				GCC_WARN_64_TO_32_BIT_CONVERSION = YES;
				GCC_WARN_ABOUT_RETURN_TYPE = YES_ERROR;
				GCC_WARN_UNDECLARED_SELECTOR = YES;
				GCC_WARN_UNINITIALIZED_AUTOS = YES_AGGRESSIVE;
				GCC_WARN_UNUSED_FUNCTION = YES;
				GCC_WARN_UNUSED_VARIABLE = YES;
				IPHONEOS_DEPLOYMENT_TARGET = 12.4;
				MTL_ENABLE_DEBUG_INFO = NO;
				MTL_FAST_MATH = YES;
				SDKROOT = iphoneos;
				SWIFT_COMPILATION_MODE = wholemodule;
				SWIFT_OPTIMIZATION_LEVEL = "-O";
				VALIDATE_PRODUCT = YES;
			};
			name = Release;
		};
		C5C5F781248EF68E0029E897 /* Debug */ = {
			isa = XCBuildConfiguration;
			buildSettings = {
				ASSETCATALOG_COMPILER_APPICON_NAME = AppIcon;
				CODE_SIGN_STYLE = Automatic;
				INFOPLIST_FILE = "Zombie Conga/Info.plist";
				LD_RUNPATH_SEARCH_PATHS = (
					"$(inherited)",
					"@executable_path/Frameworks",
				);
				PRODUCT_BUNDLE_IDENTIFIER = "Amosa.Zombie-Conga";
				PRODUCT_NAME = "$(TARGET_NAME)";
				SWIFT_VERSION = 5.0;
				TARGETED_DEVICE_FAMILY = "1,2";
			};
			name = Debug;
		};
		C5C5F782248EF68E0029E897 /* Release */ = {
			isa = XCBuildConfiguration;
			buildSettings = {
				ASSETCATALOG_COMPILER_APPICON_NAME = AppIcon;
				CODE_SIGN_STYLE = Automatic;
				INFOPLIST_FILE = "Zombie Conga/Info.plist";
				LD_RUNPATH_SEARCH_PATHS = (
					"$(inherited)",
					"@executable_path/Frameworks",
				);
				PRODUCT_BUNDLE_IDENTIFIER = "Amosa.Zombie-Conga";
				PRODUCT_NAME = "$(TARGET_NAME)";
				SWIFT_VERSION = 5.0;
				TARGETED_DEVICE_FAMILY = "1,2";
			};
			name = Release;
		};
		C5C5F784248EF68E0029E897 /* Debug */ = {
			isa = XCBuildConfiguration;
			buildSettings = {
				ALWAYS_EMBED_SWIFT_STANDARD_LIBRARIES = YES;
				BUNDLE_LOADER = "$(TEST_HOST)";
				CODE_SIGN_STYLE = Automatic;
				INFOPLIST_FILE = "Zombie CongaTests/Info.plist";
				LD_RUNPATH_SEARCH_PATHS = (
					"$(inherited)",
					"@executable_path/Frameworks",
					"@loader_path/Frameworks",
				);
				PRODUCT_BUNDLE_IDENTIFIER = "Amosa.Zombie-CongaTests";
				PRODUCT_NAME = "$(TARGET_NAME)";
				SWIFT_VERSION = 5.0;
				TARGETED_DEVICE_FAMILY = "1,2";
				TEST_HOST = "$(BUILT_PRODUCTS_DIR)/Zombie Conga.app/Zombie Conga";
			};
			name = Debug;
		};
		C5C5F785248EF68E0029E897 /* Release */ = {
			isa = XCBuildConfiguration;
			buildSettings = {
				ALWAYS_EMBED_SWIFT_STANDARD_LIBRARIES = YES;
				BUNDLE_LOADER = "$(TEST_HOST)";
				CODE_SIGN_STYLE = Automatic;
				INFOPLIST_FILE = "Zombie CongaTests/Info.plist";
				LD_RUNPATH_SEARCH_PATHS = (
					"$(inherited)",
					"@executable_path/Frameworks",
					"@loader_path/Frameworks",
				);
				PRODUCT_BUNDLE_IDENTIFIER = "Amosa.Zombie-CongaTests";
				PRODUCT_NAME = "$(TARGET_NAME)";
				SWIFT_VERSION = 5.0;
				TARGETED_DEVICE_FAMILY = "1,2";
				TEST_HOST = "$(BUILT_PRODUCTS_DIR)/Zombie Conga.app/Zombie Conga";
			};
			name = Release;
		};
		C5C5F787248EF68E0029E897 /* Debug */ = {
			isa = XCBuildConfiguration;
			buildSettings = {
				ALWAYS_EMBED_SWIFT_STANDARD_LIBRARIES = YES;
				CODE_SIGN_STYLE = Automatic;
				INFOPLIST_FILE = "Zombie CongaUITests/Info.plist";
				LD_RUNPATH_SEARCH_PATHS = (
					"$(inherited)",
					"@executable_path/Frameworks",
					"@loader_path/Frameworks",
				);
				PRODUCT_BUNDLE_IDENTIFIER = "Amosa.Zombie-CongaUITests";
				PRODUCT_NAME = "$(TARGET_NAME)";
				SWIFT_VERSION = 5.0;
				TARGETED_DEVICE_FAMILY = "1,2";
				TEST_TARGET_NAME = "Zombie Conga";
			};
			name = Debug;
		};
		C5C5F788248EF68E0029E897 /* Release */ = {
			isa = XCBuildConfiguration;
			buildSettings = {
				ALWAYS_EMBED_SWIFT_STANDARD_LIBRARIES = YES;
				CODE_SIGN_STYLE = Automatic;
				INFOPLIST_FILE = "Zombie CongaUITests/Info.plist";
				LD_RUNPATH_SEARCH_PATHS = (
					"$(inherited)",
					"@executable_path/Frameworks",
					"@loader_path/Frameworks",
				);
				PRODUCT_BUNDLE_IDENTIFIER = "Amosa.Zombie-CongaUITests";
				PRODUCT_NAME = "$(TARGET_NAME)";
				SWIFT_VERSION = 5.0;
				TARGETED_DEVICE_FAMILY = "1,2";
				TEST_TARGET_NAME = "Zombie Conga";
			};
			name = Release;
		};
/* End XCBuildConfiguration section */

/* Begin XCConfigurationList section */
		C5C5F74D248EF68C0029E897 /* Build configuration list for PBXProject "Zombie Conga" */ = {
			isa = XCConfigurationList;
			buildConfigurations = (
				C5C5F77E248EF68E0029E897 /* Debug */,
				C5C5F77F248EF68E0029E897 /* Release */,
			);
			defaultConfigurationIsVisible = 0;
			defaultConfigurationName = Release;
		};
		C5C5F780248EF68E0029E897 /* Build configuration list for PBXNativeTarget "Zombie Conga" */ = {
			isa = XCConfigurationList;
			buildConfigurations = (
				C5C5F781248EF68E0029E897 /* Debug */,
				C5C5F782248EF68E0029E897 /* Release */,
			);
			defaultConfigurationIsVisible = 0;
			defaultConfigurationName = Release;
		};
		C5C5F783248EF68E0029E897 /* Build configuration list for PBXNativeTarget "Zombie CongaTests" */ = {
			isa = XCConfigurationList;
			buildConfigurations = (
				C5C5F784248EF68E0029E897 /* Debug */,
				C5C5F785248EF68E0029E897 /* Release */,
			);
			defaultConfigurationIsVisible = 0;
			defaultConfigurationName = Release;
		};
		C5C5F786248EF68E0029E897 /* Build configuration list for PBXNativeTarget "Zombie CongaUITests" */ = {
			isa = XCConfigurationList;
			buildConfigurations = (
				C5C5F787248EF68E0029E897 /* Debug */,
				C5C5F788248EF68E0029E897 /* Release */,
			);
			defaultConfigurationIsVisible = 0;
			defaultConfigurationName = Release;
		};
/* End XCConfigurationList section */
	};
	rootObject = C5C5F74A248EF68C0029E897 /* Project object */;
}
